
Microsoft Visual Studio Solution File, Format Version 12.00
# Visual Studio 15
VisualStudioVersion = 15.0.27004.2002
MinimumVisualStudioVersion = 10.0.40219.1
Project("{FAE04EC0-301F-11D3-BF4B-00C04F79EFBC}") = "CoolBreeze.Android", "CoolBreeze\CoolBreeze.Android\CoolBreeze.Android.csproj", "{37B408FC-253D-4112-8DCB-4BC080A64566}"
EndProject
Project("{FAE04EC0-301F-11D3-BF4B-00C04F79EFBC}") = "CoolBreeze", "CoolBreeze\CoolBreeze\CoolBreeze.csproj", "{E8D3EBB4-72B4-44AD-A641-18B1DA269BAD}"
EndProject
Project("{FAE04EC0-301F-11D3-BF4B-00C04F79EFBC}") = "CoolBreeze.UWP", "CoolBreeze\CoolBreeze.UWP\CoolBreeze.UWP.csproj", "{52DECC6B-3E43-4C04-A072-7B34FD54377B}"
EndProject
Project("{FAE04EC0-301F-11D3-BF4B-00C04F79EFBC}") = "CoolBreeze.iOS", "CoolBreeze\CoolBreeze.iOS\CoolBreeze.iOS.csproj", "{1D965324-29B0-4577-AE75-59710A8DC8E1}"
EndProject
Global
	GlobalSection(SolutionConfigurationPlatforms) = preSolution
		Ad-Hoc|Any CPU = Ad-Hoc|Any CPU
		Ad-Hoc|ARM = Ad-Hoc|ARM
		Ad-Hoc|iPhone = Ad-Hoc|iPhone
		Ad-Hoc|iPhoneSimulator = Ad-Hoc|iPhoneSimulator
		Ad-Hoc|x64 = Ad-Hoc|x64
		Ad-Hoc|x86 = Ad-Hoc|x86
		AppStore|Any CPU = AppStore|Any CPU
		AppStore|ARM = AppStore|ARM
		AppStore|iPhone = AppStore|iPhone
		AppStore|iPhoneSimulator = AppStore|iPhoneSimulator
		AppStore|x64 = AppStore|x64
		AppStore|x86 = AppStore|x86
		Debug|Any CPU = Debug|Any CPU
		Debug|ARM = Debug|ARM
		Debug|iPhone = Debug|iPhone
		Debug|iPhoneSimulator = Debug|iPhoneSimulator
		Debug|x64 = Debug|x64
		Debug|x86 = Debug|x86
		Release|Any CPU = Release|Any CPU
		Release|ARM = Release|ARM
		Release|iPhone = Release|iPhone
		Release|iPhoneSimulator = Release|iPhoneSimulator
		Release|x64 = Release|x64
		Release|x86 = Release|x86
	EndGlobalSection
	GlobalSection(ProjectConfigurationPlatforms) = postSolution
		{37B408FC-253D-4112-8DCB-4BC080A64566}.Ad-Hoc|Any CPU.ActiveCfg = Release|Any CPU
		{37B408FC-253D-4112-8DCB-4BC080A64566}.Ad-Hoc|Any CPU.Build.0 = Release|Any CPU
		{37B408FC-253D-4112-8DCB-4BC080A64566}.Ad-Hoc|Any CPU.Deploy.0 = Release|Any CPU
		{37B408FC-253D-4112-8DCB-4BC080A64566}.Ad-Hoc|ARM.ActiveCfg = Release|Any CPU
		{37B408FC-253D-4112-8DCB-4BC080A64566}.Ad-Hoc|ARM.Build.0 = Release|Any CPU
		{37B408FC-253D-4112-8DCB-4BC080A64566}.Ad-Hoc|ARM.Deploy.0 = Release|Any CPU
		{37B408FC-253D-4112-8DCB-4BC080A64566}.Ad-Hoc|iPhone.ActiveCfg = Release|Any CPU
		{37B408FC-253D-4112-8DCB-4BC080A64566}.Ad-Hoc|iPhone.Build.0 = Release|Any CPU
		{37B408FC-253D-4112-8DCB-4BC080A64566}.Ad-Hoc|iPhone.Deploy.0 = Release|Any CPU
		{37B408FC-253D-4112-8DCB-4BC080A64566}.Ad-Hoc|iPhoneSimulator.ActiveCfg = Release|Any CPU
		{37B408FC-253D-4112-8DCB-4BC080A64566}.Ad-Hoc|iPhoneSimulator.Build.0 = Release|Any CPU
		{37B408FC-253D-4112-8DCB-4BC080A64566}.Ad-Hoc|iPhoneSimulator.Deploy.0 = Release|Any CPU
		{37B408FC-253D-4112-8DCB-4BC080A64566}.Ad-Hoc|x64.ActiveCfg = Release|Any CPU
		{37B408FC-253D-4112-8DCB-4BC080A64566}.Ad-Hoc|x64.Build.0 = Release|Any CPU
		{37B408FC-253D-4112-8DCB-4BC080A64566}.Ad-Hoc|x64.Deploy.0 = Release|Any CPU
		{37B408FC-253D-4112-8DCB-4BC080A64566}.Ad-Hoc|x86.ActiveCfg = Release|Any CPU
		{37B408FC-253D-4112-8DCB-4BC080A64566}.Ad-Hoc|x86.Build.0 = Release|Any CPU
		{37B408FC-253D-4112-8DCB-4BC080A64566}.Ad-Hoc|x86.Deploy.0 = Release|Any CPU
		{37B408FC-253D-4112-8DCB-4BC080A64566}.AppStore|Any CPU.ActiveCfg = Release|Any CPU
		{37B408FC-253D-4112-8DCB-4BC080A64566}.AppStore|Any CPU.Build.0 = Release|Any CPU
		{37B408FC-253D-4112-8DCB-4BC080A64566}.AppStore|Any CPU.Deploy.0 = Release|Any CPU
		{37B408FC-253D-4112-8DCB-4BC080A64566}.AppStore|ARM.ActiveCfg = Release|Any CPU
		{37B408FC-253D-4112-8DCB-4BC080A64566}.AppStore|ARM.Build.0 = Release|Any CPU
		{37B408FC-253D-4112-8DCB-4BC080A64566}.AppStore|ARM.Deploy.0 = Release|Any CPU
		{37B408FC-253D-4112-8DCB-4BC080A64566}.AppStore|iPhone.ActiveCfg = Release|Any CPU
		{37B408FC-253D-4112-8DCB-4BC080A64566}.AppStore|iPhone.Build.0 = Release|Any CPU
		{37B408FC-253D-4112-8DCB-4BC080A64566}.AppStore|iPhone.Deploy.0 = Release|Any CPU
		{37B408FC-253D-4112-8DCB-4BC080A64566}.AppStore|iPhoneSimulator.ActiveCfg = Release|Any CPU
		{37B408FC-253D-4112-8DCB-4BC080A64566}.AppStore|iPhoneSimulator.Build.0 = Release|Any CPU
		{37B408FC-253D-4112-8DCB-4BC080A64566}.AppStore|iPhoneSimulator.Deploy.0 = Release|Any CPU
		{37B408FC-253D-4112-8DCB-4BC080A64566}.AppStore|x64.ActiveCfg = Release|Any CPU
		{37B408FC-253D-4112-8DCB-4BC080A64566}.AppStore|x64.Build.0 = Release|Any CPU
		{37B408FC-253D-4112-8DCB-4BC080A64566}.AppStore|x64.Deploy.0 = Release|Any CPU
		{37B408FC-253D-4112-8DCB-4BC080A64566}.AppStore|x86.ActiveCfg = Release|Any CPU
		{37B408FC-253D-4112-8DCB-4BC080A64566}.AppStore|x86.Build.0 = Release|Any CPU
		{37B408FC-253D-4112-8DCB-4BC080A64566}.AppStore|x86.Deploy.0 = Release|Any CPU
		{37B408FC-253D-4112-8DCB-4BC080A64566}.Debug|Any CPU.ActiveCfg = Debug|Any CPU
		{37B408FC-253D-4112-8DCB-4BC080A64566}.Debug|Any CPU.Build.0 = Debug|Any CPU
		{37B408FC-253D-4112-8DCB-4BC080A64566}.Debug|Any CPU.Deploy.0 = Debug|Any CPU
		{37B408FC-253D-4112-8DCB-4BC080A64566}.Debug|ARM.ActiveCfg = Debug|Any CPU
		{37B408FC-253D-4112-8DCB-4BC080A64566}.Debug|ARM.Build.0 = Debug|Any CPU
		{37B408FC-253D-4112-8DCB-4BC080A64566}.Debug|ARM.Deploy.0 = Debug|Any CPU
		{37B408FC-253D-4112-8DCB-4BC080A64566}.Debug|iPhone.ActiveCfg = Debug|Any CPU
		{37B408FC-253D-4112-8DCB-4BC080A64566}.Debug|iPhone.Build.0 = Debug|Any CPU
		{37B408FC-253D-4112-8DCB-4BC080A64566}.Debug|iPhone.Deploy.0 = Debug|Any CPU
		{37B408FC-253D-4112-8DCB-4BC080A64566}.Debug|iPhoneSimulator.ActiveCfg = Debug|Any CPU
		{37B408FC-253D-4112-8DCB-4BC080A64566}.Debug|iPhoneSimulator.Build.0 = Debug|Any CPU
		{37B408FC-253D-4112-8DCB-4BC080A64566}.Debug|iPhoneSimulator.Deploy.0 = Debug|Any CPU
		{37B408FC-253D-4112-8DCB-4BC080A64566}.Debug|x64.ActiveCfg = Debug|Any CPU
		{37B408FC-253D-4112-8DCB-4BC080A64566}.Debug|x64.Build.0 = Debug|Any CPU
		{37B408FC-253D-4112-8DCB-4BC080A64566}.Debug|x64.Deploy.0 = Debug|Any CPU
		{37B408FC-253D-4112-8DCB-4BC080A64566}.Debug|x86.ActiveCfg = Debug|Any CPU
		{37B408FC-253D-4112-8DCB-4BC080A64566}.Debug|x86.Build.0 = Debug|Any CPU
		{37B408FC-253D-4112-8DCB-4BC080A64566}.Debug|x86.Deploy.0 = Debug|Any CPU
		{37B408FC-253D-4112-8DCB-4BC080A64566}.Release|Any CPU.ActiveCfg = Release|Any CPU
		{37B408FC-253D-4112-8DCB-4BC080A64566}.Release|Any CPU.Build.0 = Release|Any CPU
		{37B408FC-253D-4112-8DCB-4BC080A64566}.Release|Any CPU.Deploy.0 = Release|Any CPU
		{37B408FC-253D-4112-8DCB-4BC080A64566}.Release|ARM.ActiveCfg = Release|Any CPU
		{37B408FC-253D-4112-8DCB-4BC080A64566}.Release|ARM.Build.0 = Release|Any CPU
		{37B408FC-253D-4112-8DCB-4BC080A64566}.Release|ARM.Deploy.0 = Release|Any CPU
		{37B408FC-253D-4112-8DCB-4BC080A64566}.Release|iPhone.ActiveCfg = Release|Any CPU
		{37B408FC-253D-4112-8DCB-4BC080A64566}.Release|iPhone.Build.0 = Release|Any CPU
		{37B408FC-253D-4112-8DCB-4BC080A64566}.Release|iPhone.Deploy.0 = Release|Any CPU
		{37B408FC-253D-4112-8DCB-4BC080A64566}.Release|iPhoneSimulator.ActiveCfg = Release|Any CPU
		{37B408FC-253D-4112-8DCB-4BC080A64566}.Release|iPhoneSimulator.Build.0 = Release|Any CPU
		{37B408FC-253D-4112-8DCB-4BC080A64566}.Release|iPhoneSimulator.Deploy.0 = Release|Any CPU
		{37B408FC-253D-4112-8DCB-4BC080A64566}.Release|x64.ActiveCfg = Release|Any CPU
		{37B408FC-253D-4112-8DCB-4BC080A64566}.Release|x64.Build.0 = Release|Any CPU
		{37B408FC-253D-4112-8DCB-4BC080A64566}.Release|x64.Deploy.0 = Release|Any CPU
		{37B408FC-253D-4112-8DCB-4BC080A64566}.Release|x86.ActiveCfg = Release|Any CPU
		{37B408FC-253D-4112-8DCB-4BC080A64566}.Release|x86.Build.0 = Release|Any CPU
		{37B408FC-253D-4112-8DCB-4BC080A64566}.Release|x86.Deploy.0 = Release|Any CPU
		{E8D3EBB4-72B4-44AD-A641-18B1DA269BAD}.Ad-Hoc|Any CPU.ActiveCfg = Release|Any CPU
		{E8D3EBB4-72B4-44AD-A641-18B1DA269BAD}.Ad-Hoc|Any CPU.Build.0 = Release|Any CPU
		{E8D3EBB4-72B4-44AD-A641-18B1DA269BAD}.Ad-Hoc|ARM.ActiveCfg = Release|Any CPU
		{E8D3EBB4-72B4-44AD-A641-18B1DA269BAD}.Ad-Hoc|ARM.Build.0 = Release|Any CPU
		{E8D3EBB4-72B4-44AD-A641-18B1DA269BAD}.Ad-Hoc|iPhone.ActiveCfg = Release|Any CPU
		{E8D3EBB4-72B4-44AD-A641-18B1DA269BAD}.Ad-Hoc|iPhone.Build.0 = Release|Any CPU
		{E8D3EBB4-72B4-44AD-A641-18B1DA269BAD}.Ad-Hoc|iPhoneSimulator.ActiveCfg = Release|Any CPU
		{E8D3EBB4-72B4-44AD-A641-18B1DA269BAD}.Ad-Hoc|iPhoneSimulator.Build.0 = Release|Any CPU
		{E8D3EBB4-72B4-44AD-A641-18B1DA269BAD}.Ad-Hoc|x64.ActiveCfg = Release|Any CPU
		{E8D3EBB4-72B4-44AD-A641-18B1DA269BAD}.Ad-Hoc|x64.Build.0 = Release|Any CPU
		{E8D3EBB4-72B4-44AD-A641-18B1DA269BAD}.Ad-Hoc|x86.ActiveCfg = Release|Any CPU
		{E8D3EBB4-72B4-44AD-A641-18B1DA269BAD}.Ad-Hoc|x86.Build.0 = Release|Any CPU
		{E8D3EBB4-72B4-44AD-A641-18B1DA269BAD}.AppStore|Any CPU.ActiveCfg = Release|Any CPU
		{E8D3EBB4-72B4-44AD-A641-18B1DA269BAD}.AppStore|Any CPU.Build.0 = Release|Any CPU
		{E8D3EBB4-72B4-44AD-A641-18B1DA269BAD}.AppStore|ARM.ActiveCfg = Release|Any CPU
		{E8D3EBB4-72B4-44AD-A641-18B1DA269BAD}.AppStore|ARM.Build.0 = Release|Any CPU
		{E8D3EBB4-72B4-44AD-A641-18B1DA269BAD}.AppStore|iPhone.ActiveCfg = Release|Any CPU
		{E8D3EBB4-72B4-44AD-A641-18B1DA269BAD}.AppStore|iPhone.Build.0 = Release|Any CPU
		{E8D3EBB4-72B4-44AD-A641-18B1DA269BAD}.AppStore|iPhoneSimulator.ActiveCfg = Release|Any CPU
		{E8D3EBB4-72B4-44AD-A641-18B1DA269BAD}.AppStore|iPhoneSimulator.Build.0 = Release|Any CPU
		{E8D3EBB4-72B4-44AD-A641-18B1DA269BAD}.AppStore|x64.ActiveCfg = Release|Any CPU
		{E8D3EBB4-72B4-44AD-A641-18B1DA269BAD}.AppStore|x64.Build.0 = Release|Any CPU
		{E8D3EBB4-72B4-44AD-A641-18B1DA269BAD}.AppStore|x86.ActiveCfg = Release|Any CPU
		{E8D3EBB4-72B4-44AD-A641-18B1DA269BAD}.AppStore|x86.Build.0 = Release|Any CPU
		{E8D3EBB4-72B4-44AD-A641-18B1DA269BAD}.Debug|Any CPU.ActiveCfg = Debug|Any CPU
		{E8D3EBB4-72B4-44AD-A641-18B1DA269BAD}.Debug|Any CPU.Build.0 = Debug|Any CPU
		{E8D3EBB4-72B4-44AD-A641-18B1DA269BAD}.Debug|ARM.ActiveCfg = Debug|Any CPU
		{E8D3EBB4-72B4-44AD-A641-18B1DA269BAD}.Debug|ARM.Build.0 = Debug|Any CPU
		{E8D3EBB4-72B4-44AD-A641-18B1DA269BAD}.Debug|iPhone.ActiveCfg = Debug|Any CPU
		{E8D3EBB4-72B4-44AD-A641-18B1DA269BAD}.Debug|iPhone.Build.0 = Debug|Any CPU
		{E8D3EBB4-72B4-44AD-A641-18B1DA269BAD}.Debug|iPhoneSimulator.ActiveCfg = Debug|Any CPU
		{E8D3EBB4-72B4-44AD-A641-18B1DA269BAD}.Debug|iPhoneSimulator.Build.0 = Debug|Any CPU
		{E8D3EBB4-72B4-44AD-A641-18B1DA269BAD}.Debug|x64.ActiveCfg = Debug|Any CPU
		{E8D3EBB4-72B4-44AD-A641-18B1DA269BAD}.Debug|x64.Build.0 = Debug|Any CPU
		{E8D3EBB4-72B4-44AD-A641-18B1DA269BAD}.Debug|x86.ActiveCfg = Debug|Any CPU
		{E8D3EBB4-72B4-44AD-A641-18B1DA269BAD}.Debug|x86.Build.0 = Debug|Any CPU
		{E8D3EBB4-72B4-44AD-A641-18B1DA269BAD}.Release|Any CPU.ActiveCfg = Release|Any CPU
		{E8D3EBB4-72B4-44AD-A641-18B1DA269BAD}.Release|Any CPU.Build.0 = Release|Any CPU
		{E8D3EBB4-72B4-44AD-A641-18B1DA269BAD}.Release|ARM.ActiveCfg = Release|Any CPU
		{E8D3EBB4-72B4-44AD-A641-18B1DA269BAD}.Release|ARM.Build.0 = Release|Any CPU
		{E8D3EBB4-72B4-44AD-A641-18B1DA269BAD}.Release|iPhone.ActiveCfg = Release|Any CPU
		{E8D3EBB4-72B4-44AD-A641-18B1DA269BAD}.Release|iPhone.Build.0 = Release|Any CPU
		{E8D3EBB4-72B4-44AD-A641-18B1DA269BAD}.Release|iPhoneSimulator.ActiveCfg = Release|Any CPU
		{E8D3EBB4-72B4-44AD-A641-18B1DA269BAD}.Release|iPhoneSimulator.Build.0 = Release|Any CPU
		{E8D3EBB4-72B4-44AD-A641-18B1DA269BAD}.Release|x64.ActiveCfg = Release|Any CPU
		{E8D3EBB4-72B4-44AD-A641-18B1DA269BAD}.Release|x64.Build.0 = Release|Any CPU
		{E8D3EBB4-72B4-44AD-A641-18B1DA269BAD}.Release|x86.ActiveCfg = Release|Any CPU
		{E8D3EBB4-72B4-44AD-A641-18B1DA269BAD}.Release|x86.Build.0 = Release|Any CPU
		{52DECC6B-3E43-4C04-A072-7B34FD54377B}.Ad-Hoc|Any CPU.ActiveCfg = Release|x86
		{52DECC6B-3E43-4C04-A072-7B34FD54377B}.Ad-Hoc|Any CPU.Build.0 = Release|x86
		{52DECC6B-3E43-4C04-A072-7B34FD54377B}.Ad-Hoc|Any CPU.Deploy.0 = Release|x86
		{52DECC6B-3E43-4C04-A072-7B34FD54377B}.Ad-Hoc|ARM.ActiveCfg = Release|ARM
		{52DECC6B-3E43-4C04-A072-7B34FD54377B}.Ad-Hoc|ARM.Build.0 = Release|ARM
		{52DECC6B-3E43-4C04-A072-7B34FD54377B}.Ad-Hoc|ARM.Deploy.0 = Release|ARM
		{52DECC6B-3E43-4C04-A072-7B34FD54377B}.Ad-Hoc|iPhone.ActiveCfg = Release|x86
		{52DECC6B-3E43-4C04-A072-7B34FD54377B}.Ad-Hoc|iPhone.Build.0 = Release|x86
		{52DECC6B-3E43-4C04-A072-7B34FD54377B}.Ad-Hoc|iPhone.Deploy.0 = Release|x86
		{52DECC6B-3E43-4C04-A072-7B34FD54377B}.Ad-Hoc|iPhoneSimulator.ActiveCfg = Release|x86
		{52DECC6B-3E43-4C04-A072-7B34FD54377B}.Ad-Hoc|iPhoneSimulator.Build.0 = Release|x86
		{52DECC6B-3E43-4C04-A072-7B34FD54377B}.Ad-Hoc|iPhoneSimulator.Deploy.0 = Release|x86
		{52DECC6B-3E43-4C04-A072-7B34FD54377B}.Ad-Hoc|x64.ActiveCfg = Release|x64
		{52DECC6B-3E43-4C04-A072-7B34FD54377B}.Ad-Hoc|x64.Build.0 = Release|x64
		{52DECC6B-3E43-4C04-A072-7B34FD54377B}.Ad-Hoc|x64.Deploy.0 = Release|x64
		{52DECC6B-3E43-4C04-A072-7B34FD54377B}.Ad-Hoc|x86.ActiveCfg = Release|x86
		{52DECC6B-3E43-4C04-A072-7B34FD54377B}.Ad-Hoc|x86.Build.0 = Release|x86
		{52DECC6B-3E43-4C04-A072-7B34FD54377B}.Ad-Hoc|x86.Deploy.0 = Release|x86
		{52DECC6B-3E43-4C04-A072-7B34FD54377B}.AppStore|Any CPU.ActiveCfg = Release|x86
		{52DECC6B-3E43-4C04-A072-7B34FD54377B}.AppStore|Any CPU.Build.0 = Release|x86
		{52DECC6B-3E43-4C04-A072-7B34FD54377B}.AppStore|Any CPU.Deploy.0 = Release|x86
		{52DECC6B-3E43-4C04-A072-7B34FD54377B}.AppStore|ARM.ActiveCfg = Release|ARM
		{52DECC6B-3E43-4C04-A072-7B34FD54377B}.AppStore|ARM.Build.0 = Release|ARM
		{52DECC6B-3E43-4C04-A072-7B34FD54377B}.AppStore|ARM.Deploy.0 = Release|ARM
		{52DECC6B-3E43-4C04-A072-7B34FD54377B}.AppStore|iPhone.ActiveCfg = Release|x86
		{52DECC6B-3E43-4C04-A072-7B34FD54377B}.AppStore|iPhone.Build.0 = Release|x86
		{52DECC6B-3E43-4C04-A072-7B34FD54377B}.AppStore|iPhone.Deploy.0 = Release|x86
		{52DECC6B-3E43-4C04-A072-7B34FD54377B}.AppStore|iPhoneSimulator.ActiveCfg = Release|x86
		{52DECC6B-3E43-4C04-A072-7B34FD54377B}.AppStore|iPhoneSimulator.Build.0 = Release|x86
		{52DECC6B-3E43-4C04-A072-7B34FD54377B}.AppStore|iPhoneSimulator.Deploy.0 = Release|x86
		{52DECC6B-3E43-4C04-A072-7B34FD54377B}.AppStore|x64.ActiveCfg = Release|x64
		{52DECC6B-3E43-4C04-A072-7B34FD54377B}.AppStore|x64.Build.0 = Release|x64
		{52DECC6B-3E43-4C04-A072-7B34FD54377B}.AppStore|x64.Deploy.0 = Release|x64
		{52DECC6B-3E43-4C04-A072-7B34FD54377B}.AppStore|x86.ActiveCfg = Release|x86
		{52DECC6B-3E43-4C04-A072-7B34FD54377B}.AppStore|x86.Build.0 = Release|x86
		{52DECC6B-3E43-4C04-A072-7B34FD54377B}.AppStore|x86.Deploy.0 = Release|x86
		{52DECC6B-3E43-4C04-A072-7B34FD54377B}.Debug|Any CPU.ActiveCfg = Debug|x86
		{52DECC6B-3E43-4C04-A072-7B34FD54377B}.Debug|ARM.ActiveCfg = Debug|ARM
		{52DECC6B-3E43-4C04-A072-7B34FD54377B}.Debug|ARM.Build.0 = Debug|ARM
		{52DECC6B-3E43-4C04-A072-7B34FD54377B}.Debug|ARM.Deploy.0 = Debug|ARM
		{52DECC6B-3E43-4C04-A072-7B34FD54377B}.Debug|iPhone.ActiveCfg = Debug|x86
		{52DECC6B-3E43-4C04-A072-7B34FD54377B}.Debug|iPhoneSimulator.ActiveCfg = Debug|x86
		{52DECC6B-3E43-4C04-A072-7B34FD54377B}.Debug|x64.ActiveCfg = Debug|x64
		{52DECC6B-3E43-4C04-A072-7B34FD54377B}.Debug|x64.Build.0 = Debug|x64
		{52DECC6B-3E43-4C04-A072-7B34FD54377B}.Debug|x64.Deploy.0 = Debug|x64
		{52DECC6B-3E43-4C04-A072-7B34FD54377B}.Debug|x86.ActiveCfg = Debug|x86
		{52DECC6B-3E43-4C04-A072-7B34FD54377B}.Debug|x86.Build.0 = Debug|x86
		{52DECC6B-3E43-4C04-A072-7B34FD54377B}.Debug|x86.Deploy.0 = Debug|x86
		{52DECC6B-3E43-4C04-A072-7B34FD54377B}.Release|Any CPU.ActiveCfg = Release|x86
		{52DECC6B-3E43-4C04-A072-7B34FD54377B}.Release|ARM.ActiveCfg = Release|ARM
		{52DECC6B-3E43-4C04-A072-7B34FD54377B}.Release|ARM.Build.0 = Release|ARM
		{52DECC6B-3E43-4C04-A072-7B34FD54377B}.Release|ARM.Deploy.0 = Release|ARM
		{52DECC6B-3E43-4C04-A072-7B34FD54377B}.Release|iPhone.ActiveCfg = Release|x86
		{52DECC6B-3E43-4C04-A072-7B34FD54377B}.Release|iPhoneSimulator.ActiveCfg = Release|x86
		{52DECC6B-3E43-4C04-A072-7B34FD54377B}.Release|x64.ActiveCfg = Release|x64
		{52DECC6B-3E43-4C04-A072-7B34FD54377B}.Release|x64.Build.0 = Release|x64
		{52DECC6B-3E43-4C04-A072-7B34FD54377B}.Release|x64.Deploy.0 = Release|x64
		{52DECC6B-3E43-4C04-A072-7B34FD54377B}.Release|x86.ActiveCfg = Release|x86
		{52DECC6B-3E43-4C04-A072-7B34FD54377B}.Release|x86.Build.0 = Release|x86
		{52DECC6B-3E43-4C04-A072-7B34FD54377B}.Release|x86.Deploy.0 = Release|x86
		{1D965324-29B0-4577-AE75-59710A8DC8E1}.Ad-Hoc|Any CPU.ActiveCfg = Ad-Hoc|iPhoneSimulator
		{1D965324-29B0-4577-AE75-59710A8DC8E1}.Ad-Hoc|ARM.ActiveCfg = Ad-Hoc|iPhone
		{1D965324-29B0-4577-AE75-59710A8DC8E1}.Ad-Hoc|iPhone.ActiveCfg = Ad-Hoc|iPhone
		{1D965324-29B0-4577-AE75-59710A8DC8E1}.Ad-Hoc|iPhone.Build.0 = Ad-Hoc|iPhone
		{1D965324-29B0-4577-AE75-59710A8DC8E1}.Ad-Hoc|iPhoneSimulator.ActiveCfg = Ad-Hoc|iPhoneSimulator
		{1D965324-29B0-4577-AE75-59710A8DC8E1}.Ad-Hoc|iPhoneSimulator.Build.0 = Ad-Hoc|iPhoneSimulator
		{1D965324-29B0-4577-AE75-59710A8DC8E1}.Ad-Hoc|x64.ActiveCfg = Ad-Hoc|iPhone
		{1D965324-29B0-4577-AE75-59710A8DC8E1}.Ad-Hoc|x86.ActiveCfg = Ad-Hoc|iPhone
		{1D965324-29B0-4577-AE75-59710A8DC8E1}.AppStore|Any CPU.ActiveCfg = AppStore|iPhoneSimulator
		{1D965324-29B0-4577-AE75-59710A8DC8E1}.AppStore|ARM.ActiveCfg = AppStore|iPhone
		{1D965324-29B0-4577-AE75-59710A8DC8E1}.AppStore|iPhone.ActiveCfg = AppStore|iPhone
		{1D965324-29B0-4577-AE75-59710A8DC8E1}.AppStore|iPhone.Build.0 = AppStore|iPhone
		{1D965324-29B0-4577-AE75-59710A8DC8E1}.AppStore|iPhoneSimulator.ActiveCfg = AppStore|iPhoneSimulator
		{1D965324-29B0-4577-AE75-59710A8DC8E1}.AppStore|iPhoneSimulator.Build.0 = AppStore|iPhoneSimulator
		{1D965324-29B0-4577-AE75-59710A8DC8E1}.AppStore|x64.ActiveCfg = AppStore|iPhone
		{1D965324-29B0-4577-AE75-59710A8DC8E1}.AppStore|x86.ActiveCfg = AppStore|iPhone
		{1D965324-29B0-4577-AE75-59710A8DC8E1}.Debug|Any CPU.ActiveCfg = Debug|iPhoneSimulator
		{1D965324-29B0-4577-AE75-59710A8DC8E1}.Debug|ARM.ActiveCfg = Debug|iPhone
		{1D965324-29B0-4577-AE75-59710A8DC8E1}.Debug|iPhone.ActiveCfg = Debug|iPhone
		{1D965324-29B0-4577-AE75-59710A8DC8E1}.Debug|iPhone.Build.0 = Debug|iPhone
		{1D965324-29B0-4577-AE75-59710A8DC8E1}.Debug|iPhoneSimulator.ActiveCfg = Debug|iPhoneSimulator
		{1D965324-29B0-4577-AE75-59710A8DC8E1}.Debug|iPhoneSimulator.Build.0 = Debug|iPhoneSimulator
		{1D965324-29B0-4577-AE75-59710A8DC8E1}.Debug|x64.ActiveCfg = Debug|iPhone
		{1D965324-29B0-4577-AE75-59710A8DC8E1}.Debug|x86.ActiveCfg = Debug|iPhone
		{1D965324-29B0-4577-AE75-59710A8DC8E1}.Release|Any CPU.ActiveCfg = Release|iPhoneSimulator
		{1D965324-29B0-4577-AE75-59710A8DC8E1}.Release|ARM.ActiveCfg = Release|iPhone
		{1D965324-29B0-4577-AE75-59710A8DC8E1}.Release|iPhone.ActiveCfg = Release|iPhone
		{1D965324-29B0-4577-AE75-59710A8DC8E1}.Release|iPhone.Build.0 = Release|iPhone
		{1D965324-29B0-4577-AE75-59710A8DC8E1}.Release|iPhoneSimulator.ActiveCfg = Release|iPhoneSimulator
		{1D965324-29B0-4577-AE75-59710A8DC8E1}.Release|iPhoneSimulator.Build.0 = Release|iPhoneSimulator
		{1D965324-29B0-4577-AE75-59710A8DC8E1}.Release|x64.ActiveCfg = Release|iPhone
		{1D965324-29B0-4577-AE75-59710A8DC8E1}.Release|x86.ActiveCfg = Release|iPhone
	EndGlobalSection
	GlobalSection(SolutionProperties) = preSolution
		HideSolutionNode = FALSE
	EndGlobalSection
	GlobalSection(ExtensibilityGlobals) = postSolution
		SolutionGuid = {0288D850-365E-4A83-9992-C99B74848105}
	EndGlobalSection
EndGlobal
